<?xml version="1.0" encoding="UTF-8"?>
<!DOCTYPE plist PUBLIC "-//Apple//DTD PLIST 1.0//EN" "http://www.apple.com/DTDs/PropertyList-1.0.dtd">
<plist version="1.0">
<dict>
	<key>archiveVersion</key>
	<string>1</string>
	<key>classes</key>
	<dict/>
	<key>objectVersion</key>
	<string>46</string>
	<key>objects</key>
	<dict>
		<key>087D1752BE99D58A38A59AB4</key>
		<dict>
			<key>includeInIndex</key>
			<string>1</string>
			<key>isa</key>
			<string>PBXFileReference</string>
			<key>lastKnownFileType</key>
			<string>text.xcconfig</string>
			<key>name</key>
			<string>Pods-YallaFifa.release.xcconfig</string>
			<key>path</key>
			<string>Pods/Target Support Files/Pods-YallaFifa/Pods-YallaFifa.release.xcconfig</string>
			<key>sourceTree</key>
			<string>&lt;group&gt;</string>
		</dict>
		<key>0F159E2D9E06726C0A2A4239</key>
		<dict>
			<key>explicitFileType</key>
			<string>wrapper.framework</string>
			<key>includeInIndex</key>
			<string>0</string>
			<key>isa</key>
			<string>PBXFileReference</string>
			<key>path</key>
			<string>Pods_YallaFifa.framework</string>
			<key>sourceTree</key>
			<string>BUILT_PRODUCTS_DIR</string>
		</dict>
		<key>675EBDED1C2B6AB18ED45C0B</key>
		<dict>
			<key>buildActionMask</key>
			<string>2147483647</string>
			<key>files</key>
			<array/>
			<key>inputPaths</key>
			<array/>
			<key>isa</key>
			<string>PBXShellScriptBuildPhase</string>
			<key>name</key>
			<string>[CP] Embed Pods Frameworks</string>
			<key>outputPaths</key>
			<array/>
			<key>runOnlyForDeploymentPostprocessing</key>
			<string>0</string>
			<key>shellPath</key>
			<string>/bin/sh</string>
			<key>shellScript</key>
			<string>"${SRCROOT}/Pods/Target Support Files/Pods-YallaFifa/Pods-YallaFifa-frameworks.sh"
</string>
			<key>showEnvVarsInLog</key>
			<string>0</string>
		</dict>
		<key>7D2402C424953753B7EEB157</key>
		<dict>
			<key>children</key>
			<array>
				<string>B04C6B37CD708B5CF7D9CCE0</string>
				<string>087D1752BE99D58A38A59AB4</string>
			</array>
			<key>isa</key>
			<string>PBXGroup</string>
			<key>name</key>
			<string>Pods</string>
			<key>sourceTree</key>
			<string>&lt;group&gt;</string>
		</dict>
		<key>A4CAA905E4A3D5C4603FB678</key>
		<dict>
			<key>buildActionMask</key>
			<string>2147483647</string>
			<key>files</key>
			<array/>
			<key>inputPaths</key>
			<array/>
			<key>isa</key>
			<string>PBXShellScriptBuildPhase</string>
			<key>name</key>
			<string>[CP] Copy Pods Resources</string>
			<key>outputPaths</key>
			<array/>
			<key>runOnlyForDeploymentPostprocessing</key>
			<string>0</string>
			<key>shellPath</key>
			<string>/bin/sh</string>
			<key>shellScript</key>
			<string>"${SRCROOT}/Pods/Target Support Files/Pods-YallaFifa/Pods-YallaFifa-resources.sh"
</string>
			<key>showEnvVarsInLog</key>
			<string>0</string>
		</dict>
		<key>AEB28813E26D99CCD31B4B28</key>
		<dict>
			<key>children</key>
			<array>
				<string>0F159E2D9E06726C0A2A4239</string>
			</array>
			<key>isa</key>
			<string>PBXGroup</string>
			<key>name</key>
			<string>Frameworks</string>
			<key>sourceTree</key>
			<string>&lt;group&gt;</string>
		</dict>
		<key>B04C6B37CD708B5CF7D9CCE0</key>
		<dict>
			<key>includeInIndex</key>
			<string>1</string>
			<key>isa</key>
			<string>PBXFileReference</string>
			<key>lastKnownFileType</key>
			<string>text.xcconfig</string>
			<key>name</key>
			<string>Pods-YallaFifa.debug.xcconfig</string>
			<key>path</key>
			<string>Pods/Target Support Files/Pods-YallaFifa/Pods-YallaFifa.debug.xcconfig</string>
			<key>sourceTree</key>
			<string>&lt;group&gt;</string>
		</dict>
		<key>C7B000FF7415F5E5D9368393</key>
		<dict>
			<key>buildActionMask</key>
			<string>2147483647</string>
			<key>files</key>
			<array/>
			<key>inputPaths</key>
			<array/>
			<key>isa</key>
			<string>PBXShellScriptBuildPhase</string>
			<key>name</key>
			<string>[CP] Check Pods Manifest.lock</string>
			<key>outputPaths</key>
			<array/>
			<key>runOnlyForDeploymentPostprocessing</key>
			<string>0</string>
			<key>shellPath</key>
			<string>/bin/sh</string>
			<key>shellScript</key>
			<string>diff "${PODS_ROOT}/../Podfile.lock" "${PODS_ROOT}/Manifest.lock" &gt; /dev/null
if [ $? != 0 ] ; then
    # print error to STDERR
    echo "error: The sandbox is not in sync with the Podfile.lock. Run 'pod install' or update your CocoaPods installation." &gt;&amp;2
    exit 1
fi
</string>
			<key>showEnvVarsInLog</key>
			<string>0</string>
		</dict>
		<key>CF626E9D1EEDA365003770FC</key>
		<dict>
			<key>isa</key>
			<string>PBXFileReference</string>
			<key>lastKnownFileType</key>
			<string>folder</string>
			<key>path</key>
			<string>oswald</string>
			<key>sourceTree</key>
			<string>&lt;group&gt;</string>
		</dict>
		<key>CF626E9E1EEDA365003770FC</key>
		<dict>
			<key>fileRef</key>
			<string>CF626E9D1EEDA365003770FC</string>
			<key>isa</key>
			<string>PBXBuildFile</string>
		</dict>
		<key>CF65C4C11EEA022F006FDAE1</key>
		<dict>
			<key>fileEncoding</key>
			<string>4</string>
			<key>isa</key>
			<string>PBXFileReference</string>
			<key>lastKnownFileType</key>
			<string>sourcecode.swift</string>
			<key>path</key>
			<string>SSRadioButton.swift</string>
			<key>sourceTree</key>
			<string>&lt;group&gt;</string>
		</dict>
		<key>CF65C4C21EEA022F006FDAE1</key>
		<dict>
			<key>fileRef</key>
			<string>CF65C4C11EEA022F006FDAE1</string>
			<key>isa</key>
			<string>PBXBuildFile</string>
		</dict>
		<key>CF65C4C31EEA11D0006FDAE1</key>
		<dict>
			<key>fileEncoding</key>
			<string>4</string>
			<key>isa</key>
			<string>PBXFileReference</string>
			<key>lastKnownFileType</key>
			<string>sourcecode.swift</string>
			<key>path</key>
			<string>MatchDetailsVC.swift</string>
			<key>sourceTree</key>
			<string>&lt;group&gt;</string>
		</dict>
		<key>CF65C4C41EEA11D0006FDAE1</key>
		<dict>
			<key>fileRef</key>
			<string>CF65C4C31EEA11D0006FDAE1</string>
			<key>isa</key>
			<string>PBXBuildFile</string>
		</dict>
		<key>CF65C4C51EEA14BE006FDAE1</key>
		<dict>
			<key>fileEncoding</key>
			<string>4</string>
			<key>isa</key>
			<string>PBXFileReference</string>
			<key>lastKnownFileType</key>
			<string>sourcecode.swift</string>
			<key>path</key>
			<string>SSRadioButtonsController.swift</string>
			<key>sourceTree</key>
			<string>&lt;group&gt;</string>
		</dict>
		<key>CF65C4C61EEA14BE006FDAE1</key>
		<dict>
			<key>fileRef</key>
			<string>CF65C4C51EEA14BE006FDAE1</string>
			<key>isa</key>
			<string>PBXBuildFile</string>
		</dict>
		<key>CF9203411EE9A83200DFBED5</key>
		<dict>
			<key>fileEncoding</key>
			<string>4</string>
			<key>isa</key>
			<string>PBXFileReference</string>
			<key>lastKnownFileType</key>
			<string>sourcecode.swift</string>
			<key>path</key>
			<string>Utilites.swift</string>
			<key>sourceTree</key>
			<string>&lt;group&gt;</string>
		</dict>
		<key>CF9203421EE9A83200DFBED5</key>
		<dict>
			<key>fileRef</key>
			<string>CF9203411EE9A83200DFBED5</string>
			<key>isa</key>
			<string>PBXBuildFile</string>
		</dict>
		<key>CF9380FB1EE6F2C60091083B</key>
		<dict>
			<key>children</key>
			<array>
				<string>CF9381061EE6F2C60091083B</string>
				<string>CF9381051EE6F2C60091083B</string>
				<string>7D2402C424953753B7EEB157</string>
				<string>AEB28813E26D99CCD31B4B28</string>
			</array>
			<key>isa</key>
			<string>PBXGroup</string>
			<key>sourceTree</key>
			<string>&lt;group&gt;</string>
		</dict>
		<key>CF9380FC1EE6F2C60091083B</key>
		<dict>
			<key>attributes</key>
			<dict>
				<key>LastSwiftUpdateCheck</key>
				<string>0830</string>
				<key>LastUpgradeCheck</key>
				<string>0830</string>
				<key>ORGANIZATIONNAME</key>
				<string>TheGang</string>
				<key>TargetAttributes</key>
				<dict>
					<key>CF9381031EE6F2C60091083B</key>
					<dict>
						<key>CreatedOnToolsVersion</key>
						<string>8.3.2</string>
						<key>DevelopmentTeam</key>
						<string>ZA4ABN5GU3</string>
						<key>ProvisioningStyle</key>
						<string>Automatic</string>
						<key>SystemCapabilities</key>
						<dict>
							<key>com.apple.Keychain</key>
							<dict>
								<key>enabled</key>
								<string>1</string>
							</dict>
						</dict>
					</dict>
				</dict>
			</dict>
			<key>buildConfigurationList</key>
			<string>CF9380FF1EE6F2C60091083B</string>
			<key>compatibilityVersion</key>
			<string>Xcode 3.2</string>
			<key>developmentRegion</key>
			<string>English</string>
			<key>hasScannedForEncodings</key>
			<string>0</string>
			<key>isa</key>
			<string>PBXProject</string>
			<key>knownRegions</key>
			<array>
				<string>en</string>
				<string>Base</string>
			</array>
			<key>mainGroup</key>
			<string>CF9380FB1EE6F2C60091083B</string>
			<key>productRefGroup</key>
			<string>CF9381051EE6F2C60091083B</string>
			<key>projectDirPath</key>
			<string></string>
			<key>projectReferences</key>
			<array/>
			<key>projectRoot</key>
			<string></string>
			<key>targets</key>
			<array>
				<string>CF9381031EE6F2C60091083B</string>
			</array>
		</dict>
		<key>CF9380FF1EE6F2C60091083B</key>
		<dict>
			<key>buildConfigurations</key>
			<array>
				<string>CF9381141EE6F2C60091083B</string>
				<string>CF9381151EE6F2C60091083B</string>
			</array>
			<key>defaultConfigurationIsVisible</key>
			<string>0</string>
			<key>defaultConfigurationName</key>
			<string>Release</string>
			<key>isa</key>
			<string>XCConfigurationList</string>
		</dict>
		<key>CF9381001EE6F2C60091083B</key>
		<dict>
			<key>buildActionMask</key>
			<string>2147483647</string>
			<key>files</key>
			<array>
				<string>E0D1C3F51EED8C44006D5C34</string>
				<string>CFBA271E1EEB08BF00CA0F1E</string>
				<string>CF9203421EE9A83200DFBED5</string>
				<string>E0D1C3F41EED8C44006D5C34</string>
				<string>CF65C4C61EEA14BE006FDAE1</string>
				<string>CFBA27201EEB4D6E00CA0F1E</string>
				<string>E0D1C3F71EED8C44006D5C34</string>
				<string>CF95CF4A1EE8C37B004166C8</string>
				<string>E0D1C3F61EED8C44006D5C34</string>
				<string>CF65C4C41EEA11D0006FDAE1</string>
				<string>CFBA26F61EEAE58C00CA0F1E</string>
				<string>CF93810A1EE6F2C60091083B</string>
				<string>CFBA27221EEB672500CA0F1E</string>
				<string>CF9381081EE6F2C60091083B</string>
				<string>CF65C4C21EEA022F006FDAE1</string>
				<string>CFBA26F81EEAE5DB00CA0F1E</string>
			</array>
			<key>isa</key>
			<string>PBXSourcesBuildPhase</string>
			<key>runOnlyForDeploymentPostprocessing</key>
			<string>0</string>
		</dict>
		<key>CF9381011EE6F2C60091083B</key>
		<dict>
			<key>buildActionMask</key>
			<string>2147483647</string>
			<key>files</key>
			<array>
				<string>EBC8B3A56EA560D26D688646</string>
			</array>
			<key>isa</key>
			<string>PBXFrameworksBuildPhase</string>
			<key>runOnlyForDeploymentPostprocessing</key>
			<string>0</string>
		</dict>
		<key>CF9381021EE6F2C60091083B</key>
		<dict>
			<key>buildActionMask</key>
			<string>2147483647</string>
			<key>files</key>
			<array>
				<string>CF9381121EE6F2C60091083B</string>
				<string>CF93811A1EE6F3D60091083B</string>
				<string>CFBA26FC1EEAF42000CA0F1E</string>
				<string>CFBA26FE1EEAF43800CA0F1E</string>
				<string>CF93810D1EE6F2C60091083B</string>
				<string>E0D1C3F81EED8C44006D5C34</string>
				<string>CF626E9E1EEDA365003770FC</string>
			</array>
			<key>isa</key>
			<string>PBXResourcesBuildPhase</string>
			<key>runOnlyForDeploymentPostprocessing</key>
			<string>0</string>
		</dict>
		<key>CF9381031EE6F2C60091083B</key>
		<dict>
			<key>buildConfigurationList</key>
			<string>CF9381161EE6F2C60091083B</string>
			<key>buildPhases</key>
			<array>
				<string>C7B000FF7415F5E5D9368393</string>
				<string>CF9381001EE6F2C60091083B</string>
				<string>CF9381011EE6F2C60091083B</string>
				<string>CF9381021EE6F2C60091083B</string>
				<string>675EBDED1C2B6AB18ED45C0B</string>
				<string>A4CAA905E4A3D5C4603FB678</string>
			</array>
			<key>buildRules</key>
			<array/>
			<key>dependencies</key>
			<array/>
			<key>isa</key>
			<string>PBXNativeTarget</string>
			<key>name</key>
			<string>YallaFifa</string>
			<key>productName</key>
			<string>YallaFifa</string>
			<key>productReference</key>
			<string>CF9381041EE6F2C60091083B</string>
			<key>productType</key>
			<string>com.apple.product-type.application</string>
		</dict>
		<key>CF9381041EE6F2C60091083B</key>
		<dict>
			<key>explicitFileType</key>
			<string>wrapper.application</string>
			<key>includeInIndex</key>
			<string>0</string>
			<key>isa</key>
			<string>PBXFileReference</string>
			<key>path</key>
			<string>YallaFifa.app</string>
			<key>sourceTree</key>
			<string>BUILT_PRODUCTS_DIR</string>
		</dict>
		<key>CF9381051EE6F2C60091083B</key>
		<dict>
			<key>children</key>
			<array>
				<string>CF9381041EE6F2C60091083B</string>
			</array>
			<key>isa</key>
			<string>PBXGroup</string>
			<key>name</key>
			<string>Products</string>
			<key>sourceTree</key>
			<string>&lt;group&gt;</string>
		</dict>
		<key>CF9381061EE6F2C60091083B</key>
		<dict>
			<key>children</key>
			<array>
				<string>CF626E9D1EEDA365003770FC</string>
				<string>E0D1C3F91EED8C78006D5C34</string>
				<string>CF9381071EE6F2C60091083B</string>
				<string>CF65C4C11EEA022F006FDAE1</string>
				<string>CFBA27211EEB672500CA0F1E</string>
				<string>CF65C4C51EEA14BE006FDAE1</string>
				<string>CF9381091EE6F2C60091083B</string>
				<string>CF9203411EE9A83200DFBED5</string>
				<string>CFBA271F1EEB4D6E00CA0F1E</string>
				<string>CF65C4C31EEA11D0006FDAE1</string>
				<string>CF93810B1EE6F2C60091083B</string>
				<string>CFBA26FB1EEAF42000CA0F1E</string>
				<string>CFBA26FD1EEAF43800CA0F1E</string>
				<string>CFBA26F51EEAE58C00CA0F1E</string>
				<string>CFBA271D1EEB08BF00CA0F1E</string>
				<string>CFBA26F71EEAE5DB00CA0F1E</string>
				<string>CF9381191EE6F3D60091083B</string>
				<string>CF95CF491EE8C37B004166C8</string>
				<string>CF9381101EE6F2C60091083B</string>
				<string>E0D1C3EF1EED8C44006D5C34</string>
				<string>E0D1C3F01EED8C44006D5C34</string>
				<string>E0D1C3F11EED8C44006D5C34</string>
				<string>E0D1C3F21EED8C44006D5C34</string>
				<string>E0D1C3F31EED8C44006D5C34</string>
				<string>CF9381131EE6F2C60091083B</string>
			</array>
			<key>isa</key>
			<string>PBXGroup</string>
			<key>path</key>
			<string>YallaFifa</string>
			<key>sourceTree</key>
			<string>&lt;group&gt;</string>
		</dict>
		<key>CF9381071EE6F2C60091083B</key>
		<dict>
			<key>isa</key>
			<string>PBXFileReference</string>
			<key>lastKnownFileType</key>
			<string>sourcecode.swift</string>
			<key>path</key>
			<string>AppDelegate.swift</string>
			<key>sourceTree</key>
			<string>&lt;group&gt;</string>
		</dict>
		<key>CF9381081EE6F2C60091083B</key>
		<dict>
			<key>fileRef</key>
			<string>CF9381071EE6F2C60091083B</string>
			<key>isa</key>
			<string>PBXBuildFile</string>
		</dict>
		<key>CF9381091EE6F2C60091083B</key>
		<dict>
			<key>isa</key>
			<string>PBXFileReference</string>
			<key>lastKnownFileType</key>
			<string>sourcecode.swift</string>
			<key>path</key>
			<string>ViewController.swift</string>
			<key>sourceTree</key>
			<string>&lt;group&gt;</string>
		</dict>
		<key>CF93810A1EE6F2C60091083B</key>
		<dict>
			<key>fileRef</key>
			<string>CF9381091EE6F2C60091083B</string>
			<key>isa</key>
			<string>PBXBuildFile</string>
		</dict>
		<key>CF93810B1EE6F2C60091083B</key>
		<dict>
			<key>children</key>
			<array>
				<string>CF93810C1EE6F2C60091083B</string>
			</array>
			<key>isa</key>
			<string>PBXVariantGroup</string>
			<key>name</key>
			<string>Main.storyboard</string>
			<key>sourceTree</key>
			<string>&lt;group&gt;</string>
		</dict>
		<key>CF93810C1EE6F2C60091083B</key>
		<dict>
			<key>isa</key>
			<string>PBXFileReference</string>
			<key>lastKnownFileType</key>
			<string>file.storyboard</string>
			<key>name</key>
			<string>Base</string>
			<key>path</key>
			<string>Base.lproj/Main.storyboard</string>
			<key>sourceTree</key>
			<string>&lt;group&gt;</string>
		</dict>
		<key>CF93810D1EE6F2C60091083B</key>
		<dict>
			<key>fileRef</key>
			<string>CF93810B1EE6F2C60091083B</string>
			<key>isa</key>
			<string>PBXBuildFile</string>
		</dict>
		<key>CF9381101EE6F2C60091083B</key>
		<dict>
			<key>children</key>
			<array>
				<string>CF9381111EE6F2C60091083B</string>
			</array>
			<key>isa</key>
			<string>PBXVariantGroup</string>
			<key>name</key>
			<string>LaunchScreen.storyboard</string>
			<key>sourceTree</key>
			<string>&lt;group&gt;</string>
		</dict>
		<key>CF9381111EE6F2C60091083B</key>
		<dict>
			<key>isa</key>
			<string>PBXFileReference</string>
			<key>lastKnownFileType</key>
			<string>file.storyboard</string>
			<key>name</key>
			<string>Base</string>
			<key>path</key>
			<string>Base.lproj/LaunchScreen.storyboard</string>
			<key>sourceTree</key>
			<string>&lt;group&gt;</string>
		</dict>
		<key>CF9381121EE6F2C60091083B</key>
		<dict>
			<key>fileRef</key>
			<string>CF9381101EE6F2C60091083B</string>
			<key>isa</key>
			<string>PBXBuildFile</string>
		</dict>
		<key>CF9381131EE6F2C60091083B</key>
		<dict>
			<key>isa</key>
			<string>PBXFileReference</string>
			<key>lastKnownFileType</key>
			<string>text.plist.xml</string>
			<key>path</key>
			<string>Info.plist</string>
			<key>sourceTree</key>
			<string>&lt;group&gt;</string>
		</dict>
		<key>CF9381141EE6F2C60091083B</key>
		<dict>
			<key>buildSettings</key>
			<dict>
				<key>ALWAYS_SEARCH_USER_PATHS</key>
				<string>NO</string>
				<key>CLANG_ANALYZER_NONNULL</key>
				<string>YES</string>
				<key>CLANG_ANALYZER_NUMBER_OBJECT_CONVERSION</key>
				<string>YES_AGGRESSIVE</string>
				<key>CLANG_CXX_LANGUAGE_STANDARD</key>
				<string>gnu++0x</string>
				<key>CLANG_CXX_LIBRARY</key>
				<string>libc++</string>
				<key>CLANG_ENABLE_MODULES</key>
				<string>YES</string>
				<key>CLANG_ENABLE_OBJC_ARC</key>
				<string>YES</string>
				<key>CLANG_WARN_BOOL_CONVERSION</key>
				<string>YES</string>
				<key>CLANG_WARN_CONSTANT_CONVERSION</key>
				<string>YES</string>
				<key>CLANG_WARN_DIRECT_OBJC_ISA_USAGE</key>
				<string>YES_ERROR</string>
				<key>CLANG_WARN_DOCUMENTATION_COMMENTS</key>
				<string>YES</string>
				<key>CLANG_WARN_EMPTY_BODY</key>
				<string>YES</string>
				<key>CLANG_WARN_ENUM_CONVERSION</key>
				<string>YES</string>
				<key>CLANG_WARN_INFINITE_RECURSION</key>
				<string>YES</string>
				<key>CLANG_WARN_INT_CONVERSION</key>
				<string>YES</string>
				<key>CLANG_WARN_OBJC_ROOT_CLASS</key>
				<string>YES_ERROR</string>
				<key>CLANG_WARN_SUSPICIOUS_MOVE</key>
				<string>YES</string>
				<key>CLANG_WARN_UNREACHABLE_CODE</key>
				<string>YES</string>
				<key>CLANG_WARN__DUPLICATE_METHOD_MATCH</key>
				<string>YES</string>
				<key>CODE_SIGN_IDENTITY[sdk=iphoneos*]</key>
				<string>iPhone Developer</string>
				<key>COPY_PHASE_STRIP</key>
				<string>NO</string>
				<key>DEBUG_INFORMATION_FORMAT</key>
				<string>dwarf</string>
				<key>ENABLE_STRICT_OBJC_MSGSEND</key>
				<string>YES</string>
				<key>ENABLE_TESTABILITY</key>
				<string>YES</string>
				<key>GCC_C_LANGUAGE_STANDARD</key>
				<string>gnu99</string>
				<key>GCC_DYNAMIC_NO_PIC</key>
				<string>NO</string>
				<key>GCC_NO_COMMON_BLOCKS</key>
				<string>YES</string>
				<key>GCC_OPTIMIZATION_LEVEL</key>
				<string>0</string>
				<key>GCC_PREPROCESSOR_DEFINITIONS</key>
				<array>
					<string>DEBUG=1</string>
					<string>$(inherited)</string>
				</array>
				<key>GCC_WARN_64_TO_32_BIT_CONVERSION</key>
				<string>YES</string>
				<key>GCC_WARN_ABOUT_RETURN_TYPE</key>
				<string>YES_ERROR</string>
				<key>GCC_WARN_UNDECLARED_SELECTOR</key>
				<string>YES</string>
				<key>GCC_WARN_UNINITIALIZED_AUTOS</key>
				<string>YES_AGGRESSIVE</string>
				<key>GCC_WARN_UNUSED_FUNCTION</key>
				<string>YES</string>
				<key>GCC_WARN_UNUSED_VARIABLE</key>
				<string>YES</string>
				<key>IPHONEOS_DEPLOYMENT_TARGET</key>
				<string>10.3</string>
				<key>MTL_ENABLE_DEBUG_INFO</key>
				<string>YES</string>
				<key>ONLY_ACTIVE_ARCH</key>
				<string>YES</string>
				<key>SDKROOT</key>
				<string>iphoneos</string>
				<key>SWIFT_ACTIVE_COMPILATION_CONDITIONS</key>
				<string>DEBUG</string>
				<key>SWIFT_OPTIMIZATION_LEVEL</key>
				<string>-Onone</string>
			</dict>
			<key>isa</key>
			<string>XCBuildConfiguration</string>
			<key>name</key>
			<string>Debug</string>
		</dict>
		<key>CF9381151EE6F2C60091083B</key>
		<dict>
			<key>buildSettings</key>
			<dict>
				<key>ALWAYS_SEARCH_USER_PATHS</key>
				<string>NO</string>
				<key>CLANG_ANALYZER_NONNULL</key>
				<string>YES</string>
				<key>CLANG_ANALYZER_NUMBER_OBJECT_CONVERSION</key>
				<string>YES_AGGRESSIVE</string>
				<key>CLANG_CXX_LANGUAGE_STANDARD</key>
				<string>gnu++0x</string>
				<key>CLANG_CXX_LIBRARY</key>
				<string>libc++</string>
				<key>CLANG_ENABLE_MODULES</key>
				<string>YES</string>
				<key>CLANG_ENABLE_OBJC_ARC</key>
				<string>YES</string>
				<key>CLANG_WARN_BOOL_CONVERSION</key>
				<string>YES</string>
				<key>CLANG_WARN_CONSTANT_CONVERSION</key>
				<string>YES</string>
				<key>CLANG_WARN_DIRECT_OBJC_ISA_USAGE</key>
				<string>YES_ERROR</string>
				<key>CLANG_WARN_DOCUMENTATION_COMMENTS</key>
				<string>YES</string>
				<key>CLANG_WARN_EMPTY_BODY</key>
				<string>YES</string>
				<key>CLANG_WARN_ENUM_CONVERSION</key>
				<string>YES</string>
				<key>CLANG_WARN_INFINITE_RECURSION</key>
				<string>YES</string>
				<key>CLANG_WARN_INT_CONVERSION</key>
				<string>YES</string>
				<key>CLANG_WARN_OBJC_ROOT_CLASS</key>
				<string>YES_ERROR</string>
				<key>CLANG_WARN_SUSPICIOUS_MOVE</key>
				<string>YES</string>
				<key>CLANG_WARN_UNREACHABLE_CODE</key>
				<string>YES</string>
				<key>CLANG_WARN__DUPLICATE_METHOD_MATCH</key>
				<string>YES</string>
				<key>CODE_SIGN_IDENTITY[sdk=iphoneos*]</key>
				<string>iPhone Developer</string>
				<key>COPY_PHASE_STRIP</key>
				<string>NO</string>
				<key>DEBUG_INFORMATION_FORMAT</key>
				<string>dwarf-with-dsym</string>
				<key>ENABLE_NS_ASSERTIONS</key>
				<string>NO</string>
				<key>ENABLE_STRICT_OBJC_MSGSEND</key>
				<string>YES</string>
				<key>GCC_C_LANGUAGE_STANDARD</key>
				<string>gnu99</string>
				<key>GCC_NO_COMMON_BLOCKS</key>
				<string>YES</string>
				<key>GCC_WARN_64_TO_32_BIT_CONVERSION</key>
				<string>YES</string>
				<key>GCC_WARN_ABOUT_RETURN_TYPE</key>
				<string>YES_ERROR</string>
				<key>GCC_WARN_UNDECLARED_SELECTOR</key>
				<string>YES</string>
				<key>GCC_WARN_UNINITIALIZED_AUTOS</key>
				<string>YES_AGGRESSIVE</string>
				<key>GCC_WARN_UNUSED_FUNCTION</key>
				<string>YES</string>
				<key>GCC_WARN_UNUSED_VARIABLE</key>
				<string>YES</string>
				<key>IPHONEOS_DEPLOYMENT_TARGET</key>
				<string>10.3</string>
				<key>MTL_ENABLE_DEBUG_INFO</key>
				<string>NO</string>
				<key>SDKROOT</key>
				<string>iphoneos</string>
				<key>SWIFT_OPTIMIZATION_LEVEL</key>
				<string>-Owholemodule</string>
				<key>VALIDATE_PRODUCT</key>
				<string>YES</string>
			</dict>
			<key>isa</key>
			<string>XCBuildConfiguration</string>
			<key>name</key>
			<string>Release</string>
		</dict>
		<key>CF9381161EE6F2C60091083B</key>
		<dict>
			<key>buildConfigurations</key>
			<array>
				<string>CF9381171EE6F2C60091083B</string>
				<string>CF9381181EE6F2C60091083B</string>
			</array>
			<key>defaultConfigurationIsVisible</key>
			<string>0</string>
			<key>defaultConfigurationName</key>
			<string>Release</string>
			<key>isa</key>
			<string>XCConfigurationList</string>
		</dict>
		<key>CF9381171EE6F2C60091083B</key>
		<dict>
			<key>baseConfigurationReference</key>
			<string>B04C6B37CD708B5CF7D9CCE0</string>
			<key>buildSettings</key>
			<dict>
				<key>ASSETCATALOG_COMPILER_APPICON_NAME</key>
				<string>AppIcon</string>
				<key>CODE_SIGN_ENTITLEMENTS</key>
				<string>YallaFifa/YallaFifa.entitlements</string>
				<key>DEVELOPMENT_TEAM</key>
				<string>ZA4ABN5GU3</string>
				<key>INFOPLIST_FILE</key>
				<string>YallaFifa/Info.plist</string>
				<key>LD_RUNPATH_SEARCH_PATHS</key>
				<string>$(inherited) @executable_path/Frameworks</string>
				<key>PRODUCT_BUNDLE_IDENTIFIER</key>
				<string>TheGang.com.YallaFifa</string>
				<key>PRODUCT_NAME</key>
				<string>$(TARGET_NAME)</string>
				<key>SWIFT_VERSION</key>
				<string>3.0</string>
			</dict>
			<key>isa</key>
			<string>XCBuildConfiguration</string>
			<key>name</key>
			<string>Debug</string>
		</dict>
		<key>CF9381181EE6F2C60091083B</key>
		<dict>
			<key>baseConfigurationReference</key>
			<string>087D1752BE99D58A38A59AB4</string>
			<key>buildSettings</key>
			<dict>
				<key>ASSETCATALOG_COMPILER_APPICON_NAME</key>
				<string>AppIcon</string>
				<key>CODE_SIGN_ENTITLEMENTS</key>
				<string>YallaFifa/YallaFifa.entitlements</string>
				<key>DEVELOPMENT_TEAM</key>
				<string>ZA4ABN5GU3</string>
				<key>INFOPLIST_FILE</key>
				<string>YallaFifa/Info.plist</string>
				<key>LD_RUNPATH_SEARCH_PATHS</key>
				<string>$(inherited) @executable_path/Frameworks</string>
				<key>PRODUCT_BUNDLE_IDENTIFIER</key>
				<string>TheGang.com.YallaFifa</string>
				<key>PRODUCT_NAME</key>
				<string>$(TARGET_NAME)</string>
				<key>SWIFT_VERSION</key>
				<string>3.0</string>
			</dict>
			<key>isa</key>
			<string>XCBuildConfiguration</string>
			<key>name</key>
			<string>Release</string>
		</dict>
		<key>CF9381191EE6F3D60091083B</key>
		<dict>
			<key>isa</key>
			<string>PBXFileReference</string>
			<key>lastKnownFileType</key>
			<string>folder.assetcatalog</string>
			<key>path</key>
			<string>Assets.xcassets</string>
			<key>sourceTree</key>
			<string>&lt;group&gt;</string>
		</dict>
		<key>CF93811A1EE6F3D60091083B</key>
		<dict>
			<key>fileRef</key>
			<string>CF9381191EE6F3D60091083B</string>
			<key>isa</key>
			<string>PBXBuildFile</string>
		</dict>
		<key>CF95CF491EE8C37B004166C8</key>
		<dict>
			<key>fileEncoding</key>
			<string>4</string>
			<key>isa</key>
			<string>PBXFileReference</string>
			<key>lastKnownFileType</key>
			<string>sourcecode.swift</string>
			<key>path</key>
			<string>MatchRequestViewController.swift</string>
			<key>sourceTree</key>
			<string>&lt;group&gt;</string>
		</dict>
		<key>CF95CF4A1EE8C37B004166C8</key>
		<dict>
			<key>fileRef</key>
			<string>CF95CF491EE8C37B004166C8</string>
			<key>isa</key>
			<string>PBXBuildFile</string>
		</dict>
		<key>CFBA26F51EEAE58C00CA0F1E</key>
		<dict>
			<key>fileEncoding</key>
			<string>4</string>
			<key>isa</key>
			<string>PBXFileReference</string>
			<key>lastKnownFileType</key>
			<string>sourcecode.swift</string>
			<key>path</key>
			<string>PSLocationsViewController.swift</string>
			<key>sourceTree</key>
			<string>&lt;group&gt;</string>
		</dict>
		<key>CFBA26F61EEAE58C00CA0F1E</key>
		<dict>
			<key>fileRef</key>
			<string>CFBA26F51EEAE58C00CA0F1E</string>
			<key>isa</key>
			<string>PBXBuildFile</string>
		</dict>
		<key>CFBA26F71EEAE5DB00CA0F1E</key>
		<dict>
			<key>fileEncoding</key>
			<string>4</string>
			<key>isa</key>
			<string>PBXFileReference</string>
			<key>lastKnownFileType</key>
			<string>sourcecode.swift</string>
			<key>path</key>
			<string>PSDetailsTableViewCell.swift</string>
			<key>sourceTree</key>
			<string>&lt;group&gt;</string>
		</dict>
		<key>CFBA26F81EEAE5DB00CA0F1E</key>
		<dict>
			<key>fileRef</key>
			<string>CFBA26F71EEAE5DB00CA0F1E</string>
			<key>isa</key>
			<string>PBXBuildFile</string>
		</dict>
		<key>CFBA26FB1EEAF42000CA0F1E</key>
		<dict>
			<key>fileEncoding</key>
			<string>4</string>
			<key>isa</key>
			<string>PBXFileReference</string>
			<key>lastKnownFileType</key>
			<string>file.xib</string>
			<key>path</key>
			<string>NothingFoundCell.xib</string>
			<key>sourceTree</key>
			<string>&lt;group&gt;</string>
		</dict>
		<key>CFBA26FC1EEAF42000CA0F1E</key>
		<dict>
			<key>fileRef</key>
			<string>CFBA26FB1EEAF42000CA0F1E</string>
			<key>isa</key>
			<string>PBXBuildFile</string>
		</dict>
		<key>CFBA26FD1EEAF43800CA0F1E</key>
		<dict>
			<key>fileEncoding</key>
			<string>4</string>
			<key>isa</key>
			<string>PBXFileReference</string>
			<key>lastKnownFileType</key>
			<string>file.xib</string>
			<key>path</key>
			<string>PSDetailsCell.xib</string>
			<key>sourceTree</key>
			<string>&lt;group&gt;</string>
		</dict>
		<key>CFBA26FE1EEAF43800CA0F1E</key>
		<dict>
			<key>fileRef</key>
			<string>CFBA26FD1EEAF43800CA0F1E</string>
			<key>isa</key>
			<string>PBXBuildFile</string>
		</dict>
		<key>CFBA271D1EEB08BF00CA0F1E</key>
		<dict>
			<key>fileEncoding</key>
			<string>4</string>
			<key>isa</key>
			<string>PBXFileReference</string>
			<key>lastKnownFileType</key>
			<string>sourcecode.swift</string>
			<key>path</key>
			<string>Search.swift</string>
			<key>sourceTree</key>
			<string>&lt;group&gt;</string>
		</dict>
		<key>CFBA271E1EEB08BF00CA0F1E</key>
		<dict>
			<key>fileRef</key>
			<string>CFBA271D1EEB08BF00CA0F1E</string>
			<key>isa</key>
			<string>PBXBuildFile</string>
		</dict>
		<key>CFBA271F1EEB4D6E00CA0F1E</key>
		<dict>
			<key>fileEncoding</key>
			<string>4</string>
			<key>isa</key>
			<string>PBXFileReference</string>
			<key>lastKnownFileType</key>
			<string>sourcecode.swift</string>
			<key>path</key>
			<string>place.swift</string>
			<key>sourceTree</key>
			<string>&lt;group&gt;</string>
		</dict>
		<key>CFBA27201EEB4D6E00CA0F1E</key>
		<dict>
			<key>fileRef</key>
			<string>CFBA271F1EEB4D6E00CA0F1E</string>
			<key>isa</key>
			<string>PBXBuildFile</string>
		</dict>
		<key>CFBA27211EEB672500CA0F1E</key>
		<dict>
			<key>fileEncoding</key>
			<string>4</string>
			<key>isa</key>
			<string>PBXFileReference</string>
			<key>lastKnownFileType</key>
			<string>sourcecode.swift</string>
			<key>path</key>
			<string>Protocols.swift</string>
			<key>sourceTree</key>
			<string>&lt;group&gt;</string>
		</dict>
		<key>CFBA27221EEB672500CA0F1E</key>
		<dict>
			<key>fileRef</key>
			<string>CFBA27211EEB672500CA0F1E</string>
			<key>isa</key>
			<string>PBXBuildFile</string>
		</dict>
		<key>E0D1C3EF1EED8C44006D5C34</key>
		<dict>
			<key>fileEncoding</key>
			<string>4</string>
			<key>isa</key>
			<string>PBXFileReference</string>
			<key>lastKnownFileType</key>
			<string>sourcecode.swift</string>
			<key>path</key>
			<string>enums&amp;variabls.swift</string>
			<key>sourceTree</key>
			<string>&lt;group&gt;</string>
		</dict>
		<key>E0D1C3F01EED8C44006D5C34</key>
		<dict>
			<key>fileEncoding</key>
			<string>4</string>
			<key>isa</key>
			<string>PBXFileReference</string>
			<key>lastKnownFileType</key>
			<string>sourcecode.swift</string>
			<key>path</key>
			<string>SignUpVC.swift</string>
			<key>sourceTree</key>
			<string>&lt;group&gt;</string>
		</dict>
		<key>E0D1C3F11EED8C44006D5C34</key>
		<dict>
			<key>fileEncoding</key>
			<string>4</string>
			<key>isa</key>
			<string>PBXFileReference</string>
			<key>lastKnownFileType</key>
			<string>sourcecode.swift</string>
			<key>path</key>
			<string>SigninVC.swift</string>
			<key>sourceTree</key>
			<string>&lt;group&gt;</string>
		</dict>
		<key>E0D1C3F21EED8C44006D5C34</key>
		<dict>
			<key>fileEncoding</key>
			<string>4</string>
			<key>isa</key>
			<string>PBXFileReference</string>
			<key>lastKnownFileType</key>
			<string>sourcecode.swift</string>
			<key>path</key>
			<string>GlobalController.swift</string>
			<key>sourceTree</key>
			<string>&lt;group&gt;</string>
		</dict>
		<key>E0D1C3F31EED8C44006D5C34</key>
		<dict>
			<key>fileEncoding</key>
			<string>4</string>
			<key>isa</key>
			<string>PBXFileReference</string>
			<key>lastKnownFileType</key>
			<string>text.plist.xml</string>
			<key>path</key>
			<string>GoogleService-Info.plist</string>
			<key>sourceTree</key>
			<string>&lt;group&gt;</string>
		</dict>
		<key>E0D1C3F41EED8C44006D5C34</key>
		<dict>
			<key>fileRef</key>
			<string>E0D1C3EF1EED8C44006D5C34</string>
			<key>isa</key>
			<string>PBXBuildFile</string>
		</dict>
		<key>E0D1C3F51EED8C44006D5C34</key>
		<dict>
			<key>fileRef</key>
			<string>E0D1C3F01EED8C44006D5C34</string>
			<key>isa</key>
			<string>PBXBuildFile</string>
		</dict>
		<key>E0D1C3F61EED8C44006D5C34</key>
		<dict>
			<key>fileRef</key>
			<string>E0D1C3F11EED8C44006D5C34</string>
			<key>isa</key>
			<string>PBXBuildFile</string>
		</dict>
		<key>E0D1C3F71EED8C44006D5C34</key>
		<dict>
			<key>fileRef</key>
			<string>E0D1C3F21EED8C44006D5C34</string>
			<key>isa</key>
			<string>PBXBuildFile</string>
		</dict>
		<key>E0D1C3F81EED8C44006D5C34</key>
		<dict>
			<key>fileRef</key>
			<string>E0D1C3F31EED8C44006D5C34</string>
			<key>isa</key>
			<string>PBXBuildFile</string>
		</dict>
		<key>E0D1C3F91EED8C78006D5C34</key>
		<dict>
			<key>isa</key>
			<string>PBXFileReference</string>
			<key>lastKnownFileType</key>
			<string>text.plist.entitlements</string>
			<key>path</key>
			<string>YallaFifa.entitlements</string>
			<key>sourceTree</key>
			<string>&lt;group&gt;</string>
		</dict>
		<key>EBC8B3A56EA560D26D688646</key>
		<dict>
			<key>fileRef</key>
			<string>0F159E2D9E06726C0A2A4239</string>
			<key>isa</key>
			<string>PBXBuildFile</string>
		</dict>
	</dict>
	<key>rootObject</key>
	<string>CF9380FC1EE6F2C60091083B</string>
</dict>
</plist>
